
Microsoft Visual Studio Solution File, Format Version 12.00
# Visual Studio Version 17
VisualStudioVersion = 17.14.36408.4 d17.14
MinimumVisualStudioVersion = 10.0.40219.1
Project("{FAE04EC0-301F-11D3-BF4B-00C04F79EFBC}") = "Domain", "Domain.csproj", "{C2D0A028-B406-4C48-92CA-B4B8C33ABB70}"
EndProject
Project("{FAE04EC0-301F-11D3-BF4B-00C04F79EFBC}") = "Application", "..\Application\Application.csproj", "{062819F5-4D71-449B-9090-71F2355BFECE}"
EndProject
Project("{FAE04EC0-301F-11D3-BF4B-00C04F79EFBC}") = "Infrastructure", "..\Infrastructure\Infrastructure.csproj", "{1999F7EA-3712-4694-9F8E-38F25442F41B}"
EndProject
Project("{FAE04EC0-301F-11D3-BF4B-00C04F79EFBC}") = "Api", "..\Api\Api.csproj", "{B58E97CA-8CB4-4979-9EFB-8874F255A28B}"
EndProject
Global
	GlobalSection(SolutionConfigurationPlatforms) = preSolution
		Debug|Any CPU = Debug|Any CPU
		Release|Any CPU = Release|Any CPU
	EndGlobalSection
	GlobalSection(ProjectConfigurationPlatforms) = postSolution
		{C2D0A028-B406-4C48-92CA-B4B8C33ABB70}.Debug|Any CPU.ActiveCfg = Debug|Any CPU
		{C2D0A028-B406-4C48-92CA-B4B8C33ABB70}.Debug|Any CPU.Build.0 = Debug|Any CPU
		{C2D0A028-B406-4C48-92CA-B4B8C33ABB70}.Release|Any CPU.ActiveCfg = Release|Any CPU
		{C2D0A028-B406-4C48-92CA-B4B8C33ABB70}.Release|Any CPU.Build.0 = Release|Any CPU
		{062819F5-4D71-449B-9090-71F2355BFECE}.Debug|Any CPU.ActiveCfg = Debug|Any CPU
		{062819F5-4D71-449B-9090-71F2355BFECE}.Debug|Any CPU.Build.0 = Debug|Any CPU
		{062819F5-4D71-449B-9090-71F2355BFECE}.Release|Any CPU.ActiveCfg = Release|Any CPU
		{062819F5-4D71-449B-9090-71F2355BFECE}.Release|Any CPU.Build.0 = Release|Any CPU
		{1999F7EA-3712-4694-9F8E-38F25442F41B}.Debug|Any CPU.ActiveCfg = Debug|Any CPU
		{1999F7EA-3712-4694-9F8E-38F25442F41B}.Debug|Any CPU.Build.0 = Debug|Any CPU
		{1999F7EA-3712-4694-9F8E-38F25442F41B}.Release|Any CPU.ActiveCfg = Release|Any CPU
		{1999F7EA-3712-4694-9F8E-38F25442F41B}.Release|Any CPU.Build.0 = Release|Any CPU
		{B58E97CA-8CB4-4979-9EFB-8874F255A28B}.Debug|Any CPU.ActiveCfg = Debug|Any CPU
		{B58E97CA-8CB4-4979-9EFB-8874F255A28B}.Debug|Any CPU.Build.0 = Debug|Any CPU
		{B58E97CA-8CB4-4979-9EFB-8874F255A28B}.Release|Any CPU.ActiveCfg = Release|Any CPU
		{B58E97CA-8CB4-4979-9EFB-8874F255A28B}.Release|Any CPU.Build.0 = Release|Any CPU
	EndGlobalSection
	GlobalSection(SolutionProperties) = preSolution
		HideSolutionNode = FALSE
	EndGlobalSection
	GlobalSection(ExtensibilityGlobals) = postSolution
		SolutionGuid = {9C364285-02E3-4A5A-8FD9-44CEFF915142}
	EndGlobalSection
EndGlobal
